// !$*UTF8*$!
{
	archiveVersion = 1;
	classes = {
	};
	objectVersion = 55;
	objects = {

/* Begin PBXBuildFile section */
		16186A6FE622125A3CCD2A58 /* Pods_iyzicotest.framework in Frameworks */ = {isa = PBXBuildFile; fileRef = D7112670ECD1FFDAF954879D /* Pods_iyzicotest.framework */; };
		2F2A461628E46D2000259642 /* AppDelegate.m in Sources */ = {isa = PBXBuildFile; fileRef = 2F2A461528E46D2000259642 /* AppDelegate.m */; };
		2F2A461928E46D2000259642 /* SceneDelegate.m in Sources */ = {isa = PBXBuildFile; fileRef = 2F2A461828E46D2000259642 /* SceneDelegate.m */; };
		2F2A461C28E46D2000259642 /* ViewController.m in Sources */ = {isa = PBXBuildFile; fileRef = 2F2A461B28E46D2000259642 /* ViewController.m */; };
		2F2A461F28E46D2000259642 /* Main.storyboard in Resources */ = {isa = PBXBuildFile; fileRef = 2F2A461D28E46D2000259642 /* Main.storyboard */; };
		2F2A462128E46D2500259642 /* Assets.xcassets in Resources */ = {isa = PBXBuildFile; fileRef = 2F2A462028E46D2500259642 /* Assets.xcassets */; };
		2F2A462428E46D2500259642 /* LaunchScreen.storyboard in Resources */ = {isa = PBXBuildFile; fileRef = 2F2A462228E46D2500259642 /* LaunchScreen.storyboard */; };
		2F2A462728E46D2500259642 /* main.m in Sources */ = {isa = PBXBuildFile; fileRef = 2F2A462628E46D2500259642 /* main.m */; };
/* End PBXBuildFile section */

/* Begin PBXFileReference section */
		2B47892F183484091BE452EA /* Pods-iyzicotest.debug.xcconfig */ = {isa = PBXFileReference; includeInIndex = 1; lastKnownFileType = text.xcconfig; name = "Pods-iyzicotest.debug.xcconfig"; path = "Target Support Files/Pods-iyzicotest/Pods-iyzicotest.debug.xcconfig"; sourceTree = "<group>"; };
		2F2A461128E46D2000259642 /* iyzicotest.app */ = {isa = PBXFileReference; explicitFileType = wrapper.application; includeInIndex = 0; path = iyzicotest.app; sourceTree = BUILT_PRODUCTS_DIR; };
		2F2A461428E46D2000259642 /* AppDelegate.h */ = {isa = PBXFileReference; lastKnownFileType = sourcecode.c.h; path = AppDelegate.h; sourceTree = "<group>"; };
		2F2A461528E46D2000259642 /* AppDelegate.m */ = {isa = PBXFileReference; lastKnownFileType = sourcecode.c.objc; path = AppDelegate.m; sourceTree = "<group>"; };
		2F2A461728E46D2000259642 /* SceneDelegate.h */ = {isa = PBXFileReference; lastKnownFileType = sourcecode.c.h; path = SceneDelegate.h; sourceTree = "<group>"; };
		2F2A461828E46D2000259642 /* SceneDelegate.m */ = {isa = PBXFileReference; lastKnownFileType = sourcecode.c.objc; path = SceneDelegate.m; sourceTree = "<group>"; };
		2F2A461A28E46D2000259642 /* ViewController.h */ = {isa = PBXFileReference; lastKnownFileType = sourcecode.c.h; path = ViewController.h; sourceTree = "<group>"; };
		2F2A461B28E46D2000259642 /* ViewController.m */ = {isa = PBXFileReference; lastKnownFileType = sourcecode.c.objc; path = ViewController.m; sourceTree = "<group>"; };
		2F2A461E28E46D2000259642 /* Base */ = {isa = PBXFileReference; lastKnownFileType = file.storyboard; name = Base; path = Base.lproj/Main.storyboard; sourceTree = "<group>"; };
		2F2A462028E46D2500259642 /* Assets.xcassets */ = {isa = PBXFileReference; lastKnownFileType = folder.assetcatalog; path = Assets.xcassets; sourceTree = "<group>"; };
		2F2A462328E46D2500259642 /* Base */ = {isa = PBXFileReference; lastKnownFileType = file.storyboard; name = Base; path = Base.lproj/LaunchScreen.storyboard; sourceTree = "<group>"; };
		2F2A462528E46D2500259642 /* Info.plist */ = {isa = PBXFileReference; lastKnownFileType = text.plist.xml; path = Info.plist; sourceTree = "<group>"; };
		2F2A462628E46D2500259642 /* main.m */ = {isa = PBXFileReference; lastKnownFileType = sourcecode.c.objc; path = main.m; sourceTree = "<group>"; };
		D7112670ECD1FFDAF954879D /* Pods_iyzicotest.framework */ = {isa = PBXFileReference; explicitFileType = wrapper.framework; includeInIndex = 0; path = Pods_iyzicotest.framework; sourceTree = BUILT_PRODUCTS_DIR; };
		DD96252CCAFAC806EBFA290A /* Pods-iyzicotest.release.xcconfig */ = {isa = PBXFileReference; includeInIndex = 1; lastKnownFileType = text.xcconfig; name = "Pods-iyzicotest.release.xcconfig"; path = "Target Support Files/Pods-iyzicotest/Pods-iyzicotest.release.xcconfig"; sourceTree = "<group>"; };
/* End PBXFileReference section */

/* Begin PBXFrameworksBuildPhase section */
		2F2A460E28E46D2000259642 /* Frameworks */ = {
			isa = PBXFrameworksBuildPhase;
			buildActionMask = 2147483647;
			files = (
				16186A6FE622125A3CCD2A58 /* Pods_iyzicotest.framework in Frameworks */,
			);
			runOnlyForDeploymentPostprocessing = 0;
		};
/* End PBXFrameworksBuildPhase section */

/* Begin PBXGroup section */
		2F2A460828E46D2000259642 = {
			isa = PBXGroup;
			children = (
				2F2A461328E46D2000259642 /* iyzicotest */,
				2F2A461228E46D2000259642 /* Products */,
				70F31DC032334D24B6AF0FC9 /* Pods */,
				9A4229907F001273E10EE809 /* Frameworks */,
			);
			sourceTree = "<group>";
		};
		2F2A461228E46D2000259642 /* Products */ = {
			isa = PBXGroup;
			children = (
				2F2A461128E46D2000259642 /* iyzicotest.app */,
			);
			name = Products;
			sourceTree = "<group>";
		};
		2F2A461328E46D2000259642 /* iyzicotest */ = {
			isa = PBXGroup;
			children = (
				2F2A461428E46D2000259642 /* AppDelegate.h */,
				2F2A461528E46D2000259642 /* AppDelegate.m */,
				2F2A461728E46D2000259642 /* SceneDelegate.h */,
				2F2A461828E46D2000259642 /* SceneDelegate.m */,
				2F2A461A28E46D2000259642 /* ViewController.h */,
				2F2A461B28E46D2000259642 /* ViewController.m */,
				2F2A461D28E46D2000259642 /* Main.storyboard */,
				2F2A462028E46D2500259642 /* Assets.xcassets */,
				2F2A462228E46D2500259642 /* LaunchScreen.storyboard */,
				2F2A462528E46D2500259642 /* Info.plist */,
				2F2A462628E46D2500259642 /* main.m */,
			);
			path = iyzicotest;
			sourceTree = "<group>";
		};
		70F31DC032334D24B6AF0FC9 /* Pods */ = {
			isa = PBXGroup;
			children = (
				2B47892F183484091BE452EA /* Pods-iyzicotest.debug.xcconfig */,
				DD96252CCAFAC806EBFA290A /* Pods-iyzicotest.release.xcconfig */,
			);
			path = Pods;
			sourceTree = "<group>";
		};
		9A4229907F001273E10EE809 /* Frameworks */ = {
			isa = PBXGroup;
			children = (
				D7112670ECD1FFDAF954879D /* Pods_iyzicotest.framework */,
			);
			name = Frameworks;
			sourceTree = "<group>";
		};
/* End PBXGroup section */

/* Begin PBXNativeTarget section */
		2F2A461028E46D2000259642 /* iyzicotest */ = {
			isa = PBXNativeTarget;
			buildConfigurationList = 2F2A462A28E46D2500259642 /* Build configuration list for PBXNativeTarget "iyzicotest" */;
			buildPhases = (
				156DD94FEE7141CCA24F142D /* [CP] Check Pods Manifest.lock */,
				2F2A460D28E46D2000259642 /* Sources */,
				2F2A460E28E46D2000259642 /* Frameworks */,
				2F2A460F28E46D2000259642 /* Resources */,
				70035FCA1DDF2D4A6B4EF5EA /* [CP] Embed Pods Frameworks */,
			);
			buildRules = (
			);
			dependencies = (
			);
			name = iyzicotest;
			productName = iyzicotest;
			productReference = 2F2A461128E46D2000259642 /* iyzicotest.app */;
			productType = "com.apple.product-type.application";
		};
/* End PBXNativeTarget section */

/* Begin PBXProject section */
		2F2A460928E46D2000259642 /* Project object */ = {
			isa = PBXProject;
			attributes = {
				BuildIndependentTargetsInParallel = 1;
				LastUpgradeCheck = 1340;
				TargetAttributes = {
					2F2A461028E46D2000259642 = {
						CreatedOnToolsVersion = 13.4.1;
					};
				};
			};
			buildConfigurationList = 2F2A460C28E46D2000259642 /* Build configuration list for PBXProject "iyzicotest" */;
			compatibilityVersion = "Xcode 13.0";
			developmentRegion = en;
			hasScannedForEncodings = 0;
			knownRegions = (
				en,
				Base,
			);
			mainGroup = 2F2A460828E46D2000259642;
			productRefGroup = 2F2A461228E46D2000259642 /* Products */;
			projectDirPath = "";
			projectRoot = "";
			targets = (
				2F2A461028E46D2000259642 /* iyzicotest */,
			);
		};
/* End PBXProject section */

/* Begin PBXResourcesBuildPhase section */
		2F2A460F28E46D2000259642 /* Resources */ = {
			isa = PBXResourcesBuildPhase;
			buildActionMask = 2147483647;
			files = (
				2F2A462428E46D2500259642 /* LaunchScreen.storyboard in Resources */,
				2F2A462128E46D2500259642 /* Assets.xcassets in Resources */,
				2F2A461F28E46D2000259642 /* Main.storyboard in Resources */,
			);
			runOnlyForDeploymentPostprocessing = 0;
		};
/* End PBXResourcesBuildPhase section */

/* Begin PBXShellScriptBuildPhase section */
		156DD94FEE7141CCA24F142D /* [CP] Check Pods Manifest.lock */ = {
			isa = PBXShellScriptBuildPhase;
			buildActionMask = 2147483647;
			files = (
			);
			inputFileListPaths = (
			);
			inputPaths = (
				"${PODS_PODFILE_DIR_PATH}/Podfile.lock",
				"${PODS_ROOT}/Manifest.lock",
			);
			name = "[CP] Check Pods Manifest.lock";
			outputFileListPaths = (
			);
			outputPaths = (
				"$(DERIVED_FILE_DIR)/Pods-iyzicotest-checkManifestLockResult.txt",
			);
			runOnlyForDeploymentPostprocessing = 0;
			shellPath = /bin/sh;
			shellScript = "diff \"${PODS_PODFILE_DIR_PATH}/Podfile.lock\" \"${PODS_ROOT}/Manifest.lock\" > /dev/null\nif [ $? != 0 ] ; then\n    # print error to STDERR\n    echo \"error: The sandbox is not in sync with the Podfile.lock. Run 'pod install' or update your CocoaPods installation.\" >&2\n    exit 1\nfi\n# This output is used by Xcode 'outputs' to avoid re-running this script phase.\necho \"SUCCESS\" > \"${SCRIPT_OUTPUT_FILE_0}\"\n";
			showEnvVarsInLog = 0;
		};
		70035FCA1DDF2D4A6B4EF5EA /* [CP] Embed Pods Frameworks */ = {
			isa = PBXShellScriptBuildPhase;
			buildActionMask = 2147483647;
			files = (
			);
			inputFileListPaths = (
				"${PODS_ROOT}/Target Support Files/Pods-iyzicotest/Pods-iyzicotest-frameworks-${CONFIGURATION}-input-files.xcfilelist",
			);
			name = "[CP] Embed Pods Frameworks";
			outputFileListPaths = (
				"${PODS_ROOT}/Target Support Files/Pods-iyzicotest/Pods-iyzicotest-frameworks-${CONFIGURATION}-output-files.xcfilelist",
			);
			runOnlyForDeploymentPostprocessing = 0;
			shellPath = /bin/sh;
			shellScript = "\"${PODS_ROOT}/Target Support Files/Pods-iyzicotest/Pods-iyzicotest-frameworks.sh\"\n";
			showEnvVarsInLog = 0;
		};
/* End PBXShellScriptBuildPhase section */

/* Begin PBXSourcesBuildPhase section */
		2F2A460D28E46D2000259642 /* Sources */ = {
			isa = PBXSourcesBuildPhase;
			buildActionMask = 2147483647;
			files = (
				2F2A461C28E46D2000259642 /* ViewController.m in Sources */,
				2F2A461628E46D2000259642 /* AppDelegate.m in Sources */,
				2F2A462728E46D2500259642 /* main.m in Sources */,
				2F2A461928E46D2000259642 /* SceneDelegate.m in Sources */,
			);
			runOnlyForDeploymentPostprocessing = 0;
		};
/* End PBXSourcesBuildPhase section */

/* Begin PBXVariantGroup section */
		2F2A461D28E46D2000259642 /* Main.storyboard */ = {
			isa = PBXVariantGroup;
			children = (
				2F2A461E28E46D2000259642 /* Base */,
			);
			name = Main.storyboard;
			sourceTree = "<group>";
		};
		2F2A462228E46D2500259642 /* LaunchScreen.storyboard */ = {
			isa = PBXVariantGroup;
			children = (
				2F2A462328E46D2500259642 /* Base */,
			);
			name = LaunchScreen.storyboard;
			sourceTree = "<group>";
		};
/* End PBXVariantGroup section */

/* Begin XCBuildConfiguration section */
		2F2A462828E46D2500259642 /* Debug */ = {
			isa = XCBuildConfiguration;
			buildSettings = {
				ALWAYS_SEARCH_USER_PATHS = NO;
				CLANG_ANALYZER_NONNULL = YES;
				CLANG_ANALYZER_NUMBER_OBJECT_CONVERSION = YES_AGGRESSIVE;
				CLANG_CXX_LANGUAGE_STANDARD = "gnu++17";
				CLANG_ENABLE_MODULES = YES;
				CLANG_ENABLE_OBJC_ARC = YES;
				CLANG_ENABLE_OBJC_WEAK = YES;
				CLANG_WARN_BLOCK_CAPTURE_AUTORELEASING = YES;
				CLANG_WARN_BOOL_CONVERSION = YES;
				CLANG_WARN_COMMA = YES;
				CLANG_WARN_CONSTANT_CONVERSION = YES;
				CLANG_WARN_DEPRECATED_OBJC_IMPLEMENTATIONS = YES;
				CLANG_WARN_DIRECT_OBJC_ISA_USAGE = YES_ERROR;
				CLANG_WARN_DOCUMENTATION_COMMENTS = YES;
				CLANG_WARN_EMPTY_BODY = YES;
				CLANG_WARN_ENUM_CONVERSION = YES;
				CLANG_WARN_INFINITE_RECURSION = YES;
				CLANG_WARN_INT_CONVERSION = YES;
				CLANG_WARN_NON_LITERAL_NULL_CONVERSION = YES;
				CLANG_WARN_OBJC_IMPLICIT_RETAIN_SELF = YES;
				CLANG_WARN_OBJC_LITERAL_CONVERSION = YES;
				CLANG_WARN_OBJC_ROOT_CLASS = YES_ERROR;
				CLANG_WARN_QUOTED_INCLUDE_IN_FRAMEWORK_HEADER = YES;
				CLANG_WARN_RANGE_LOOP_ANALYSIS = YES;
				CLANG_WARN_STRICT_PROTOTYPES = YES;
				CLANG_WARN_SUSPICIOUS_MOVE = YES;
				CLANG_WARN_UNGUARDED_AVAILABILITY = YES_AGGRESSIVE;
				CLANG_WARN_UNREACHABLE_CODE = YES;
				CLANG_WARN__DUPLICATE_METHOD_MATCH = YES;
				COPY_PHASE_STRIP = NO;
				DEBUG_INFORMATION_FORMAT = dwarf;
				ENABLE_STRICT_OBJC_MSGSEND = YES;
				ENABLE_TESTABILITY = YES;
				GCC_C_LANGUAGE_STANDARD = gnu11;
				GCC_DYNAMIC_NO_PIC = NO;
				GCC_NO_COMMON_BLOCKS = YES;
				GCC_OPTIMIZATION_LEVEL = 0;
				GCC_PREPROCESSOR_DEFINITIONS = (
					"DEBUG=1",
					"$(inherited)",
				);
				GCC_WARN_64_TO_32_BIT_CONVERSION = YES;
				GCC_WARN_ABOUT_RETURN_TYPE = YES_ERROR;
				GCC_WARN_UNDECLARED_SELECTOR = YES;
				GCC_WARN_UNINITIALIZED_AUTOS = YES_AGGRESSIVE;
				GCC_WARN_UNUSED_FUNCTION = YES;
				GCC_WARN_UNUSED_VARIABLE = YES;
				IPHONEOS_DEPLOYMENT_TARGET = 15.5;
				MTL_ENABLE_DEBUG_INFO = INCLUDE_SOURCE;
				MTL_FAST_MATH = YES;
				ONLY_ACTIVE_ARCH = YES;
				SDKROOT = iphoneos;
			};
			name = Debug;
		};
		2F2A462928E46D2500259642 /* Release */ = {
			isa = XCBuildConfiguration;
			buildSettings = {
				ALWAYS_SEARCH_USER_PATHS = NO;
				CLANG_ANALYZER_NONNULL = YES;
				CLANG_ANALYZER_NUMBER_OBJECT_CONVERSION = YES_AGGRESSIVE;
				CLANG_CXX_LANGUAGE_STANDARD = "gnu++17";
				CLANG_ENABLE_MODULES = YES;
				CLANG_ENABLE_OBJC_ARC = YES;
				CLANG_ENABLE_OBJC_WEAK = YES;
				CLANG_WARN_BLOCK_CAPTURE_AUTORELEASING = YES;
				CLANG_WARN_BOOL_CONVERSION = YES;
				CLANG_WARN_COMMA = YES;
				CLANG_WARN_CONSTANT_CONVERSION = YES;
				CLANG_WARN_DEPRECATED_OBJC_IMPLEMENTATIONS = YES;
				CLANG_WARN_DIRECT_OBJC_ISA_USAGE = YES_ERROR;
				CLANG_WARN_DOCUMENTATION_COMMENTS = YES;
				CLANG_WARN_EMPTY_BODY = YES;
				CLANG_WARN_ENUM_CONVERSION = YES;
				CLANG_WARN_INFINITE_RECURSION = YES;
				CLANG_WARN_INT_CONVERSION = YES;
				CLANG_WARN_NON_LITERAL_NULL_CONVERSION = YES;
				CLANG_WARN_OBJC_IMPLICIT_RETAIN_SELF = YES;
				CLANG_WARN_OBJC_LITERAL_CONVERSION = YES;
				CLANG_WARN_OBJC_ROOT_CLASS = YES_ERROR;
				CLANG_WARN_QUOTED_INCLUDE_IN_FRAMEWORK_HEADER = YES;
				CLANG_WARN_RANGE_LOOP_ANALYSIS = YES;
				CLANG_WARN_STRICT_PROTOTYPES = YES;
				CLANG_WARN_SUSPICIOUS_MOVE = YES;
				CLANG_WARN_UNGUARDED_AVAILABILITY = YES_AGGRESSIVE;
				CLANG_WARN_UNREACHABLE_CODE = YES;
				CLANG_WARN__DUPLICATE_METHOD_MATCH = YES;
				COPY_PHASE_STRIP = NO;
				DEBUG_INFORMATION_FORMAT = "dwarf-with-dsym";
				ENABLE_NS_ASSERTIONS = NO;
				ENABLE_STRICT_OBJC_MSGSEND = YES;
				GCC_C_LANGUAGE_STANDARD = gnu11;
				GCC_NO_COMMON_BLOCKS = YES;
				GCC_WARN_64_TO_32_BIT_CONVERSION = YES;
				GCC_WARN_ABOUT_RETURN_TYPE = YES_ERROR;
				GCC_WARN_UNDECLARED_SELECTOR = YES;
				GCC_WARN_UNINITIALIZED_AUTOS = YES_AGGRESSIVE;
				GCC_WARN_UNUSED_FUNCTION = YES;
				GCC_WARN_UNUSED_VARIABLE = YES;
				IPHONEOS_DEPLOYMENT_TARGET = 15.5;
				MTL_ENABLE_DEBUG_INFO = NO;
				MTL_FAST_MATH = YES;
				SDKROOT = iphoneos;
				VALIDATE_PRODUCT = YES;
			};
			name = Release;
		};
		2F2A462B28E46D2500259642 /* Debug */ = {
			isa = XCBuildConfiguration;
			baseConfigurationReference = 2B47892F183484091BE452EA /* Pods-iyzicotest.debug.xcconfig */;
			buildSettings = {
				ALWAYS_EMBED_SWIFT_STANDARD_LIBRARIES = YES;
				ASSETCATALOG_COMPILER_APPICON_NAME = AppIcon;
				ASSETCATALOG_COMPILER_GLOBAL_ACCENT_COLOR_NAME = AccentColor;
				CODE_SIGN_STYLE = Automatic;
				CURRENT_PROJECT_VERSION = 1;
				DEVELOPMENT_TEAM = 6AUH76QNW9;
				GENERATE_INFOPLIST_FILE = YES;
				INFOPLIST_FILE = iyzicotest/Info.plist;
				INFOPLIST_KEY_UIApplicationSupportsIndirectInputEvents = YES;
				INFOPLIST_KEY_UILaunchStoryboardName = LaunchScreen;
				INFOPLIST_KEY_UIMainStoryboardFile = Main;
				INFOPLIST_KEY_UISupportedInterfaceOrientations_iPad = "UIInterfaceOrientationPortrait UIInterfaceOrientationPortraitUpsideDown UIInterfaceOrientationLandscapeLeft UIInterfaceOrientationLandscapeRight";
				INFOPLIST_KEY_UISupportedInterfaceOrientations_iPhone = "UIInterfaceOrientationPortrait UIInterfaceOrientationLandscapeLeft UIInterfaceOrientationLandscapeRight";
				LD_RUNPATH_SEARCH_PATHS = (
					"$(inherited)",
					"@executable_path/Frameworks",
				);
				MARKETING_VERSION = 1.0;
				PRODUCT_BUNDLE_IDENTIFIER = com.shereboy.iyzicotest;
				PRODUCT_NAME = "$(TARGET_NAME)";
				SWIFT_EMIT_LOC_STRINGS = YES;
				TARGETED_DEVICE_FAMILY = "1,2";
			};
			name = Debug;
		};
		2F2A462C28E46D2500259642 /* Release */ = {
			isa = XCBuildConfiguration;
			baseConfigurationReference = DD96252CCAFAC806EBFA290A /* Pods-iyzicotest.release.xcconfig */;
			buildSettings = {
				ALWAYS_EMBED_SWIFT_STANDARD_LIBRARIES = YES;
				ASSETCATALOG_COMPILER_APPICON_NAME = AppIcon;
				ASSETCATALOG_COMPILER_GLOBAL_ACCENT_COLOR_NAME = AccentColor;
				CODE_SIGN_STYLE = Automatic;
				CURRENT_PROJECT_VERSION = 1;
				DEVELOPMENT_TEAM = 6AUH76QNW9;
				GENERATE_INFOPLIST_FILE = YES;
				INFOPLIST_FILE = iyzicotest/Info.plist;
				INFOPLIST_KEY_UIApplicationSupportsIndirectInputEvents = YES;
				INFOPLIST_KEY_UILaunchStoryboardName = LaunchScreen;
				INFOPLIST_KEY_UIMainStoryboardFile = Main;
				INFOPLIST_KEY_UISupportedInterfaceOrientations_iPad = "UIInterfaceOrientationPortrait UIInterfaceOrientationPortraitUpsideDown UIInterfaceOrientationLandscapeLeft UIInterfaceOrientationLandscapeRight";
				INFOPLIST_KEY_UISupportedInterfaceOrientations_iPhone = "UIInterfaceOrientationPortrait UIInterfaceOrientationLandscapeLeft UIInterfaceOrientationLandscapeRight";
				LD_RUNPATH_SEARCH_PATHS = (
					"$(inherited)",
					"@executable_path/Frameworks",
				);
				MARKETING_VERSION = 1.0;
				PRODUCT_BUNDLE_IDENTIFIER = com.shereboy.iyzicotest;
				PRODUCT_NAME = "$(TARGET_NAME)";
				SWIFT_EMIT_LOC_STRINGS = YES;
				TARGETED_DEVICE_FAMILY = "1,2";
			};
			name = Release;
		};
/* End XCBuildConfiguration section */

/* Begin XCConfigurationList section */
		2F2A460C28E46D2000259642 /* Build configuration list for PBXProject "iyzicotest" */ = {
			isa = XCConfigurationList;
			buildConfigurations = (
				2F2A462828E46D2500259642 /* Debug */,
				2F2A462928E46D2500259642 /* Release */,
			);
			defaultConfigurationIsVisible = 0;
			defaultConfigurationName = Release;
		};
		2F2A462A28E46D2500259642 /* Build configuration list for PBXNativeTarget "iyzicotest" */ = {
			isa = XCConfigurationList;
			buildConfigurations = (
				2F2A462B28E46D2500259642 /* Debug */,
				2F2A462C28E46D2500259642 /* Release */,
			);
			defaultConfigurationIsVisible = 0;
			defaultConfigurationName = Release;
		};
/* End XCConfigurationList section */
	};
	rootObject = 2F2A460928E46D2000259642 /* Project object */;
}
